// !$*UTF8*$!
{
	archiveVersion = 1;
	classes = {
	};
	objectVersion = 46;
	objects = {

/* Begin PBXBuildFile section */
		340F5F021CCFC20B004C444E /* AppDelegate.swift in Sources */ = {isa = PBXBuildFile; fileRef = 340F5F011CCFC20B004C444E /* AppDelegate.swift */; };
		340F5F041CCFC20B004C444E /* ViewController.swift in Sources */ = {isa = PBXBuildFile; fileRef = 340F5F031CCFC20B004C444E /* ViewController.swift */; };
		340F5F071CCFC20B004C444E /* Main.storyboard in Resources */ = {isa = PBXBuildFile; fileRef = 340F5F051CCFC20B004C444E /* Main.storyboard */; };
		340F5F0A1CCFC20B004C444E /* SuperCool.xcdatamodeld in Sources */ = {isa = PBXBuildFile; fileRef = 340F5F081CCFC20B004C444E /* SuperCool.xcdatamodeld */; };
		340F5F0C1CCFC20B004C444E /* Assets.xcassets in Resources */ = {isa = PBXBuildFile; fileRef = 340F5F0B1CCFC20B004C444E /* Assets.xcassets */; };
		340F5F0F1CCFC20B004C444E /* LaunchScreen.storyboard in Resources */ = {isa = PBXBuildFile; fileRef = 340F5F0D1CCFC20B004C444E /* LaunchScreen.storyboard */; };
		340F5F1A1CCFC20B004C444E /* SuperCoolTests.swift in Sources */ = {isa = PBXBuildFile; fileRef = 340F5F191CCFC20B004C444E /* SuperCoolTests.swift */; };
		340F5F251CCFC20B004C444E /* SuperCoolUITests.swift in Sources */ = {isa = PBXBuildFile; fileRef = 340F5F241CCFC20B004C444E /* SuperCoolUITests.swift */; };
/* End PBXBuildFile section */

/* Begin PBXContainerItemProxy section */
		340F5F161CCFC20B004C444E /* PBXContainerItemProxy */ = {
			isa = PBXContainerItemProxy;
			containerPortal = 340F5EF61CCFC209004C444E /* Project object */;
			proxyType = 1;
			remoteGlobalIDString = 340F5EFD1CCFC209004C444E;
			remoteInfo = SuperCool;
		};
		340F5F211CCFC20B004C444E /* PBXContainerItemProxy */ = {
			isa = PBXContainerItemProxy;
			containerPortal = 340F5EF61CCFC209004C444E /* Project object */;
			proxyType = 1;
			remoteGlobalIDString = 340F5EFD1CCFC209004C444E;
			remoteInfo = SuperCool;
		};
/* End PBXContainerItemProxy section */

/* Begin PBXFileReference section */
		340F5EFE1CCFC209004C444E /* SuperCool.app */ = {isa = PBXFileReference; explicitFileType = wrapper.application; includeInIndex = 0; path = SuperCool.app; sourceTree = BUILT_PRODUCTS_DIR; };
		340F5F011CCFC20B004C444E /* AppDelegate.swift */ = {isa = PBXFileReference; lastKnownFileType = sourcecode.swift; path = AppDelegate.swift; sourceTree = "<group>"; };
		340F5F031CCFC20B004C444E /* ViewController.swift */ = {isa = PBXFileReference; lastKnownFileType = sourcecode.swift; path = ViewController.swift; sourceTree = "<group>"; };
		340F5F061CCFC20B004C444E /* Base */ = {isa = PBXFileReference; lastKnownFileType = file.storyboard; name = Base; path = Base.lproj/Main.storyboard; sourceTree = "<group>"; };
		340F5F091CCFC20B004C444E /* SuperCool.xcdatamodel */ = {isa = PBXFileReference; lastKnownFileType = wrapper.xcdatamodel; path = SuperCool.xcdatamodel; sourceTree = "<group>"; };
		340F5F0B1CCFC20B004C444E /* Assets.xcassets */ = {isa = PBXFileReference; lastKnownFileType = folder.assetcatalog; path = Assets.xcassets; sourceTree = "<group>"; };
		340F5F0E1CCFC20B004C444E /* Base */ = {isa = PBXFileReference; lastKnownFileType = file.storyboard; name = Base; path = Base.lproj/LaunchScreen.storyboard; sourceTree = "<group>"; };
		340F5F101CCFC20B004C444E /* Info.plist */ = {isa = PBXFileReference; lastKnownFileType = text.plist.xml; path = Info.plist; sourceTree = "<group>"; };
		340F5F151CCFC20B004C444E /* SuperCoolTests.xctest */ = {isa = PBXFileReference; explicitFileType = wrapper.cfbundle; includeInIndex = 0; path = SuperCoolTests.xctest; sourceTree = BUILT_PRODUCTS_DIR; };
		340F5F191CCFC20B004C444E /* SuperCoolTests.swift */ = {isa = PBXFileReference; lastKnownFileType = sourcecode.swift; path = SuperCoolTests.swift; sourceTree = "<group>"; };
		340F5F1B1CCFC20B004C444E /* Info.plist */ = {isa = PBXFileReference; lastKnownFileType = text.plist.xml; path = Info.plist; sourceTree = "<group>"; };
		340F5F201CCFC20B004C444E /* SuperCoolUITests.xctest */ = {isa = PBXFileReference; explicitFileType = wrapper.cfbundle; includeInIndex = 0; path = SuperCoolUITests.xctest; sourceTree = BUILT_PRODUCTS_DIR; };
		340F5F241CCFC20B004C444E /* SuperCoolUITests.swift */ = {isa = PBXFileReference; lastKnownFileType = sourcecode.swift; path = SuperCoolUITests.swift; sourceTree = "<group>"; };
		340F5F261CCFC20B004C444E /* Info.plist */ = {isa = PBXFileReference; lastKnownFileType = text.plist.xml; path = Info.plist; sourceTree = "<group>"; };
/* End PBXFileReference section */

/* Begin PBXFrameworksBuildPhase section */
		340F5EFB1CCFC209004C444E /* Frameworks */ = {
			isa = PBXFrameworksBuildPhase;
			buildActionMask = 2147483647;
			files = (
			);
			runOnlyForDeploymentPostprocessing = 0;
		};
		340F5F121CCFC20B004C444E /* Frameworks */ = {
			isa = PBXFrameworksBuildPhase;
			buildActionMask = 2147483647;
			files = (
			);
			runOnlyForDeploymentPostprocessing = 0;
		};
		340F5F1D1CCFC20B004C444E /* Frameworks */ = {
			isa = PBXFrameworksBuildPhase;
			buildActionMask = 2147483647;
			files = (
			);
			runOnlyForDeploymentPostprocessing = 0;
		};
/* End PBXFrameworksBuildPhase section */

/* Begin PBXGroup section */
		340F5EF51CCFC209004C444E = {
			isa = PBXGroup;
			children = (
				340F5F001CCFC20B004C444E /* SuperCool */,
				340F5F181CCFC20B004C444E /* SuperCoolTests */,
				340F5F231CCFC20B004C444E /* SuperCoolUITests */,
				340F5EFF1CCFC209004C444E /* Products */,
			);
			sourceTree = "<group>";
		};
		340F5EFF1CCFC209004C444E /* Products */ = {
			isa = PBXGroup;
			children = (
				340F5EFE1CCFC209004C444E /* SuperCool.app */,
				340F5F151CCFC20B004C444E /* SuperCoolTests.xctest */,
				340F5F201CCFC20B004C444E /* SuperCoolUITests.xctest */,
			);
			name = Products;
			sourceTree = "<group>";
		};
		340F5F001CCFC20B004C444E /* SuperCool */ = {
			isa = PBXGroup;
			children = (
				340F5F011CCFC20B004C444E /* AppDelegate.swift */,
				340F5F031CCFC20B004C444E /* ViewController.swift */,
				340F5F051CCFC20B004C444E /* Main.storyboard */,
				340F5F0B1CCFC20B004C444E /* Assets.xcassets */,
				340F5F0D1CCFC20B004C444E /* LaunchScreen.storyboard */,
				340F5F101CCFC20B004C444E /* Info.plist */,
				340F5F081CCFC20B004C444E /* SuperCool.xcdatamodeld */,
			);
			path = SuperCool;
			sourceTree = "<group>";
		};
		340F5F181CCFC20B004C444E /* SuperCoolTests */ = {
			isa = PBXGroup;
			children = (
				340F5F191CCFC20B004C444E /* SuperCoolTests.swift */,
				340F5F1B1CCFC20B004C444E /* Info.plist */,
			);
			path = SuperCoolTests;
			sourceTree = "<group>";
		};
		340F5F231CCFC20B004C444E /* SuperCoolUITests */ = {
			isa = PBXGroup;
			children = (
				340F5F241CCFC20B004C444E /* SuperCoolUITests.swift */,
				340F5F261CCFC20B004C444E /* Info.plist */,
			);
			path = SuperCoolUITests;
			sourceTree = "<group>";
		};
/* End PBXGroup section */

/* Begin PBXNativeTarget section */
		340F5EFD1CCFC209004C444E /* SuperCool */ = {
			isa = PBXNativeTarget;
			buildConfigurationList = 340F5F291CCFC20C004C444E /* Build configuration list for PBXNativeTarget "SuperCool" */;
			buildPhases = (
				340F5EFA1CCFC209004C444E /* Sources */,
				340F5EFB1CCFC209004C444E /* Frameworks */,
				340F5EFC1CCFC209004C444E /* Resources */,
			);
			buildRules = (
			);
			dependencies = (
			);
			name = SuperCool;
			productName = SuperCool;
			productReference = 340F5EFE1CCFC209004C444E /* SuperCool.app */;
			productType = "com.apple.product-type.application";
		};
		340F5F141CCFC20B004C444E /* SuperCoolTests */ = {
			isa = PBXNativeTarget;
			buildConfigurationList = 340F5F2C1CCFC20C004C444E /* Build configuration list for PBXNativeTarget "SuperCoolTests" */;
			buildPhases = (
				340F5F111CCFC20B004C444E /* Sources */,
				340F5F121CCFC20B004C444E /* Frameworks */,
				340F5F131CCFC20B004C444E /* Resources */,
			);
			buildRules = (
			);
			dependencies = (
				340F5F171CCFC20B004C444E /* PBXTargetDependency */,
			);
			name = SuperCoolTests;
			productName = SuperCoolTests;
			productReference = 340F5F151CCFC20B004C444E /* SuperCoolTests.xctest */;
			productType = "com.apple.product-type.bundle.unit-test";
		};
		340F5F1F1CCFC20B004C444E /* SuperCoolUITests */ = {
			isa = PBXNativeTarget;
			buildConfigurationList = 340F5F2F1CCFC20C004C444E /* Build configuration list for PBXNativeTarget "SuperCoolUITests" */;
			buildPhases = (
				340F5F1C1CCFC20B004C444E /* Sources */,
				340F5F1D1CCFC20B004C444E /* Frameworks */,
				340F5F1E1CCFC20B004C444E /* Resources */,
			);
			buildRules = (
			);
			dependencies = (
				340F5F221CCFC20B004C444E /* PBXTargetDependency */,
			);
			name = SuperCoolUITests;
			productName = SuperCoolUITests;
			productReference = 340F5F201CCFC20B004C444E /* SuperCoolUITests.xctest */;
			productType = "com.apple.product-type.bundle.ui-testing";
		};
/* End PBXNativeTarget section */

/* Begin PBXProject section */
		340F5EF61CCFC209004C444E /* Project object */ = {
			isa = PBXProject;
			attributes = {
				LastSwiftUpdateCheck = 0730;
				LastUpgradeCheck = 0730;
				ORGANIZATIONNAME = "Shravan Sundaram";
				TargetAttributes = {
					340F5EFD1CCFC209004C444E = {
						CreatedOnToolsVersion = 7.3;
					};
					340F5F141CCFC20B004C444E = {
						CreatedOnToolsVersion = 7.3;
						TestTargetID = 340F5EFD1CCFC209004C444E;
					};
					340F5F1F1CCFC20B004C444E = {
						CreatedOnToolsVersion = 7.3;
						TestTargetID = 340F5EFD1CCFC209004C444E;
					};
				};
			};
			buildConfigurationList = 340F5EF91CCFC209004C444E /* Build configuration list for PBXProject "SuperCool" */;
			compatibilityVersion = "Xcode 3.2";
			developmentRegion = English;
			hasScannedForEncodings = 0;
			knownRegions = (
				en,
				Base,
			);
			mainGroup = 340F5EF51CCFC209004C444E;
			productRefGroup = 340F5EFF1CCFC209004C444E /* Products */;
			projectDirPath = "";
			projectRoot = "";
			targets = (
				340F5EFD1CCFC209004C444E /* SuperCool */,
				340F5F141CCFC20B004C444E /* SuperCoolTests */,
				340F5F1F1CCFC20B004C444E /* SuperCoolUITests */,
			);
		};
/* End PBXProject section */

/* Begin PBXResourcesBuildPhase section */
		340F5EFC1CCFC209004C444E /* Resources */ = {
			isa = PBXResourcesBuildPhase;
			buildActionMask = 2147483647;
			files = (
				340F5F0F1CCFC20B004C444E /* LaunchScreen.storyboard in Resources */,
				340F5F0C1CCFC20B004C444E /* Assets.xcassets in Resources */,
				340F5F071CCFC20B004C444E /* Main.storyboard in Resources */,
			);
			runOnlyForDeploymentPostprocessing = 0;
		};
		340F5F131CCFC20B004C444E /* Resources */ = {
			isa = PBXResourcesBuildPhase;
			buildActionMask = 2147483647;
			files = (
			);
			runOnlyForDeploymentPostprocessing = 0;
		};
		340F5F1E1CCFC20B004C444E /* Resources */ = {
			isa = PBXResourcesBuildPhase;
			buildActionMask = 2147483647;
			files = (
			);
			runOnlyForDeploymentPostprocessing = 0;
		};
/* End PBXResourcesBuildPhase section */

/* Begin PBXSourcesBuildPhase section */
		340F5EFA1CCFC209004C444E /* Sources */ = {
			isa = PBXSourcesBuildPhase;
			buildActionMask = 2147483647;
			files = (
				340F5F0A1CCFC20B004C444E /* SuperCool.xcdatamodeld in Sources */,
				340F5F041CCFC20B004C444E /* ViewController.swift in Sources */,
				340F5F021CCFC20B004C444E /* AppDelegate.swift in Sources */,
			);
			runOnlyForDeploymentPostprocessing = 0;
		};
		340F5F111CCFC20B004C444E /* Sources */ = {
			isa = PBXSourcesBuildPhase;
			buildActionMask = 2147483647;
			files = (
				340F5F1A1CCFC20B004C444E /* SuperCoolTests.swift in Sources */,
			);
			runOnlyForDeploymentPostprocessing = 0;
		};
		340F5F1C1CCFC20B004C444E /* Sources */ = {
			isa = PBXSourcesBuildPhase;
			buildActionMask = 2147483647;
			files = (
				340F5F251CCFC20B004C444E /* SuperCoolUITests.swift in Sources */,
			);
			runOnlyForDeploymentPostprocessing = 0;
		};
/* End PBXSourcesBuildPhase section */

/* Begin PBXTargetDependency section */
		340F5F171CCFC20B004C444E /* PBXTargetDependency */ = {
			isa = PBXTargetDependency;
			target = 340F5EFD1CCFC209004C444E /* SuperCool */;
			targetProxy = 340F5F161CCFC20B004C444E /* PBXContainerItemProxy */;
		};
		340F5F221CCFC20B004C444E /* PBXTargetDependency */ = {
			isa = PBXTargetDependency;
			target = 340F5EFD1CCFC209004C444E /* SuperCool */;
			targetProxy = 340F5F211CCFC20B004C444E /* PBXContainerItemProxy */;
		};
/* End PBXTargetDependency section */

/* Begin PBXVariantGroup section */
		340F5F051CCFC20B004C444E /* Main.storyboard */ = {
			isa = PBXVariantGroup;
			children = (
				340F5F061CCFC20B004C444E /* Base */,
			);
			name = Main.storyboard;
			sourceTree = "<group>";
		};
		340F5F0D1CCFC20B004C444E /* LaunchScreen.storyboard */ = {
			isa = PBXVariantGroup;
			children = (
				340F5F0E1CCFC20B004C444E /* Base */,
			);
			name = LaunchScreen.storyboard;
			sourceTree = "<group>";
		};
/* End PBXVariantGroup section */

/* Begin XCBuildConfiguration section */
		340F5F271CCFC20B004C444E /* Debug */ = {
			isa = XCBuildConfiguration;
			buildSettings = {
				ALWAYS_SEARCH_USER_PATHS = NO;
				CLANG_ANALYZER_NONNULL = YES;
				CLANG_CXX_LANGUAGE_STANDARD = "gnu++0x";
				CLANG_CXX_LIBRARY = "libc++";
				CLANG_ENABLE_MODULES = YES;
				CLANG_ENABLE_OBJC_ARC = YES;
				CLANG_WARN_BOOL_CONVERSION = YES;
				CLANG_WARN_CONSTANT_CONVERSION = YES;
				CLANG_WARN_DIRECT_OBJC_ISA_USAGE = YES_ERROR;
				CLANG_WARN_EMPTY_BODY = YES;
				CLANG_WARN_ENUM_CONVERSION = YES;
				CLANG_WARN_INT_CONVERSION = YES;
				CLANG_WARN_OBJC_ROOT_CLASS = YES_ERROR;
				CLANG_WARN_UNREACHABLE_CODE = YES;
				CLANG_WARN__DUPLICATE_METHOD_MATCH = YES;
				"CODE_SIGN_IDENTITY[sdk=iphoneos*]" = "iPhone Developer";
				COPY_PHASE_STRIP = NO;
				DEBUG_INFORMATION_FORMAT = dwarf;
				ENABLE_STRICT_OBJC_MSGSEND = YES;
				ENABLE_TESTABILITY = YES;
				GCC_C_LANGUAGE_STANDARD = gnu99;
				GCC_DYNAMIC_NO_PIC = NO;
				GCC_NO_COMMON_BLOCKS = YES;
				GCC_OPTIMIZATION_LEVEL = 0;
				GCC_PREPROCESSOR_DEFINITIONS = (
					"DEBUG=1",
					"$(inherited)",
				);
				GCC_WARN_64_TO_32_BIT_CONVERSION = YES;
				GCC_WARN_ABOUT_RETURN_TYPE = YES_ERROR;
				GCC_WARN_UNDECLARED_SELECTOR = YES;
				GCC_WARN_UNINITIALIZED_AUTOS = YES_AGGRESSIVE;
				GCC_WARN_UNUSED_FUNCTION = YES;
				GCC_WARN_UNUSED_VARIABLE = YES;
				IPHONEOS_DEPLOYMENT_TARGET = 9.3;
				MTL_ENABLE_DEBUG_INFO = YES;
				ONLY_ACTIVE_ARCH = YES;
				SDKROOT = iphoneos;
				SWIFT_OPTIMIZATION_LEVEL = "-Onone";
			};
			name = Debug;
		};
		340F5F281CCFC20B004C444E /* Release */ = {
			isa = XCBuildConfiguration;
			buildSettings = {
				ALWAYS_SEARCH_USER_PATHS = NO;
				CLANG_ANALYZER_NONNULL = YES;
				CLANG_CXX_LANGUAGE_STANDARD = "gnu++0x";
				CLANG_CXX_LIBRARY = "libc++";
				CLANG_ENABLE_MODULES = YES;
				CLANG_ENABLE_OBJC_ARC = YES;
				CLANG_WARN_BOOL_CONVERSION = YES;
				CLANG_WARN_CONSTANT_CONVERSION = YES;
				CLANG_WARN_DIRECT_OBJC_ISA_USAGE = YES_ERROR;
				CLANG_WARN_EMPTY_BODY = YES;
				CLANG_WARN_ENUM_CONVERSION = YES;
				CLANG_WARN_INT_CONVERSION = YES;
				CLANG_WARN_OBJC_ROOT_CLASS = YES_ERROR;
				CLANG_WARN_UNREACHABLE_CODE = YES;
				CLANG_WARN__DUPLICATE_METHOD_MATCH = YES;
				"CODE_SIGN_IDENTITY[sdk=iphoneos*]" = "iPhone Developer";
				COPY_PHASE_STRIP = NO;
				DEBUG_INFORMATION_FORMAT = "dwarf-with-dsym";
				ENABLE_NS_ASSERTIONS = NO;
				ENABLE_STRICT_OBJC_MSGSEND = YES;
				GCC_C_LANGUAGE_STANDARD = gnu99;
				GCC_NO_COMMON_BLOCKS = YES;
				GCC_WARN_64_TO_32_BIT_CONVERSION = YES;
				GCC_WARN_ABOUT_RETURN_TYPE = YES_ERROR;
				GCC_WARN_UNDECLARED_SELECTOR = YES;
				GCC_WARN_UNINITIALIZED_AUTOS = YES_AGGRESSIVE;
				GCC_WARN_UNUSED_FUNCTION = YES;
				GCC_WARN_UNUSED_VARIABLE = YES;
				IPHONEOS_DEPLOYMENT_TARGET = 9.3;
				MTL_ENABLE_DEBUG_INFO = NO;
				SDKROOT = iphoneos;
				VALIDATE_PRODUCT = YES;
			};
			name = Release;
		};
		340F5F2A1CCFC20C004C444E /* Debug */ = {
			isa = XCBuildConfiguration;
			buildSettings = {
				ASSETCATALOG_COMPILER_APPICON_NAME = AppIcon;
				INFOPLIST_FILE = SuperCool/Info.plist;
				LD_RUNPATH_SEARCH_PATHS = "$(inherited) @executable_path/Frameworks";
				PRODUCT_BUNDLE_IDENTIFIER = com.shravansundaram.SuperCool;
				PRODUCT_NAME = "$(TARGET_NAME)";
			};
			name = Debug;
		};
		340F5F2B1CCFC20C004C444E /* Release */ = {
			isa = XCBuildConfiguration;
			buildSettings = {
				ASSETCATALOG_COMPILER_APPICON_NAME = AppIcon;
				INFOPLIST_FILE = SuperCool/Info.plist;
				LD_RUNPATH_SEARCH_PATHS = "$(inherited) @executable_path/Frameworks";
				PRODUCT_BUNDLE_IDENTIFIER = com.shravansundaram.SuperCool;
				PRODUCT_NAME = "$(TARGET_NAME)";
			};
			name = Release;
		};
		340F5F2D1CCFC20C004C444E /* Debug */ = {
			isa = XCBuildConfiguration;
			buildSettings = {
				BUNDLE_LOADER = "$(TEST_HOST)";
				INFOPLIST_FILE = SuperCoolTests/Info.plist;
				LD_RUNPATH_SEARCH_PATHS = "$(inherited) @executable_path/Frameworks @loader_path/Frameworks";
				PRODUCT_BUNDLE_IDENTIFIER = com.shravansundaram.SuperCoolTests;
				PRODUCT_NAME = "$(TARGET_NAME)";
				TEST_HOST = "$(BUILT_PRODUCTS_DIR)/SuperCool.app/SuperCool";
			};
			name = Debug;
		};
		340F5F2E1CCFC20C004C444E /* Release */ = {
			isa = XCBuildConfiguration;
			buildSettings = {
				BUNDLE_LOADER = "$(TEST_HOST)";
				INFOPLIST_FILE = SuperCoolTests/Info.plist;
				LD_RUNPATH_SEARCH_PATHS = "$(inherited) @executable_path/Frameworks @loader_path/Frameworks";
				PRODUCT_BUNDLE_IDENTIFIER = com.shravansundaram.SuperCoolTests;
				PRODUCT_NAME = "$(TARGET_NAME)";
				TEST_HOST = "$(BUILT_PRODUCTS_DIR)/SuperCool.app/SuperCool";
			};
			name = Release;
		};
		340F5F301CCFC20C004C444E /* Debug */ = {
			isa = XCBuildConfiguration;
			buildSettings = {
				INFOPLIST_FILE = SuperCoolUITests/Info.plist;
				LD_RUNPATH_SEARCH_PATHS = "$(inherited) @executable_path/Frameworks @loader_path/Frameworks";
				PRODUCT_BUNDLE_IDENTIFIER = com.shravansundaram.SuperCoolUITests;
				PRODUCT_NAME = "$(TARGET_NAME)";
				TEST_TARGET_NAME = SuperCool;
			};
			name = Debug;
		};
		340F5F311CCFC20C004C444E /* Release */ = {
			isa = XCBuildConfiguration;
			buildSettings = {
				INFOPLIST_FILE = SuperCoolUITests/Info.plist;
				LD_RUNPATH_SEARCH_PATHS = "$(inherited) @executable_path/Frameworks @loader_path/Frameworks";
				PRODUCT_BUNDLE_IDENTIFIER = com.shravansundaram.SuperCoolUITests;
				PRODUCT_NAME = "$(TARGET_NAME)";
				TEST_TARGET_NAME = SuperCool;
			};
			name = Release;
		};
/* End XCBuildConfiguration section */

/* Begin XCConfigurationList section */
		340F5EF91CCFC209004C444E /* Build configuration list for PBXProject "SuperCool" */ = {
			isa = XCConfigurationList;
			buildConfigurations = (
				340F5F271CCFC20B004C444E /* Debug */,
				340F5F281CCFC20B004C444E /* Release */,
			);
			defaultConfigurationIsVisible = 0;
			defaultConfigurationName = Release;
		};
		340F5F291CCFC20C004C444E /* Build configuration list for PBXNativeTarget "SuperCool" */ = {
			isa = XCConfigurationList;
			buildConfigurations = (
				340F5F2A1CCFC20C004C444E /* Debug */,
				340F5F2B1CCFC20C004C444E /* Release */,
			);
			defaultConfigurationIsVisible = 0;
		};
		340F5F2C1CCFC20C004C444E /* Build configuration list for PBXNativeTarget "SuperCoolTests" */ = {
			isa = XCConfigurationList;
			buildConfigurations = (
				340F5F2D1CCFC20C004C444E /* Debug */,
				340F5F2E1CCFC20C004C444E /* Release */,
			);
			defaultConfigurationIsVisible = 0;
		};
		340F5F2F1CCFC20C004C444E /* Build configuration list for PBXNativeTarget "SuperCoolUITests" */ = {
			isa = XCConfigurationList;
			buildConfigurations = (
				340F5F301CCFC20C004C444E /* Debug */,
				340F5F311CCFC20C004C444E /* Release */,
			);
			defaultConfigurationIsVisible = 0;
		};
/* End XCConfigurationList section */

/* Begin XCVersionGroup section */
		340F5F081CCFC20B004C444E /* SuperCool.xcdatamodeld */ = {
			isa = XCVersionGroup;
			children = (
				340F5F091CCFC20B004C444E /* SuperCool.xcdatamodel */,
			);
			currentVersion = 340F5F091CCFC20B004C444E /* SuperCool.xcdatamodel */;
			path = SuperCool.xcdatamodeld;
			sourceTree = "<group>";
			versionGroupType = wrapper.xcdatamodel;
		};
/* End XCVersionGroup section */
	};
	rootObject = 340F5EF61CCFC209004C444E /* Project object */;
}
